// !$*UTF8*$!
{
	archiveVersion = 1;
	classes = {
	};
	objectVersion = 51;
	objects = {

/* Begin PBXBuildFile section */
		670BEFE02325E01200A04E97 /* Utilities.swift in Sources */ = {isa = PBXBuildFile; fileRef = 670BEFDF2325E01200A04E97 /* Utilities.swift */; };
		670BEFE22325E01900A04E97 /* Constants.swift in Sources */ = {isa = PBXBuildFile; fileRef = 670BEFE12325E01900A04E97 /* Constants.swift */; };
		6734765D233B24AD005469FC /* FaceRecViewController.swift in Sources */ = {isa = PBXBuildFile; fileRef = 6734765C233B24AD005469FC /* FaceRecViewController.swift */; };
		673476652341246E005469FC /* IntroPageViewController.swift in Sources */ = {isa = PBXBuildFile; fileRef = 673476642341246E005469FC /* IntroPageViewController.swift */; };
		67347667234124C6005469FC /* FR2ViewController.swift in Sources */ = {isa = PBXBuildFile; fileRef = 67347666234124C6005469FC /* FR2ViewController.swift */; };
		6734766923412559005469FC /* FR3ViewController.swift in Sources */ = {isa = PBXBuildFile; fileRef = 6734766823412559005469FC /* FR3ViewController.swift */; };
		6734766B234125E5005469FC /* GuideViewController.swift in Sources */ = {isa = PBXBuildFile; fileRef = 6734766A234125E5005469FC /* GuideViewController.swift */; };
		6734766D23430FA6005469FC /* Checkbox.swift in Sources */ = {isa = PBXBuildFile; fileRef = 6734766C23430FA6005469FC /* Checkbox.swift */; };
		6734766F23446F6D005469FC /* SwipingController.swift in Sources */ = {isa = PBXBuildFile; fileRef = 6734766E23446F6D005469FC /* SwipingController.swift */; };
		67365DB123526A3B00360D7D /* SendCell.swift in Sources */ = {isa = PBXBuildFile; fileRef = 67365DB023526A3B00360D7D /* SendCell.swift */; };
		67365DB323526B8200360D7D /* SendTableViewController.swift in Sources */ = {isa = PBXBuildFile; fileRef = 67365DB223526B8200360D7D /* SendTableViewController.swift */; };
		676D2B3A2356744000D49B85 /* FriendViewController.swift in Sources */ = {isa = PBXBuildFile; fileRef = 676D2B392356744000D49B85 /* FriendViewController.swift */; };
		676D2B3C2356CA4A00D49B85 /* Photo.swift in Sources */ = {isa = PBXBuildFile; fileRef = 676D2B3B2356CA4A00D49B85 /* Photo.swift */; };
		676D2B3E2356CC2400D49B85 /* PrivateViewController.swift in Sources */ = {isa = PBXBuildFile; fileRef = 676D2B3D2356CC2300D49B85 /* PrivateViewController.swift */; };
		67922A85235960CA004092C5 /* FriendImagePreviewVC.swift in Sources */ = {isa = PBXBuildFile; fileRef = 67922A84235960CA004092C5 /* FriendImagePreviewVC.swift */; };
		67922A88235A4850004092C5 /* CreateAlbumViewController.swift in Sources */ = {isa = PBXBuildFile; fileRef = 67922A87235A4850004092C5 /* CreateAlbumViewController.swift */; };
		67922A8C235A6385004092C5 /* AlbumFriendsTableViewController.swift in Sources */ = {isa = PBXBuildFile; fileRef = 67922A8B235A6385004092C5 /* AlbumFriendsTableViewController.swift */; };
		67922A8E235A63BE004092C5 /* AlbumCell.swift in Sources */ = {isa = PBXBuildFile; fileRef = 67922A8D235A63BE004092C5 /* AlbumCell.swift */; };
		6792D9202347E41A00E6159E /* MainTabViewController.swift in Sources */ = {isa = PBXBuildFile; fileRef = 6792D91F2347E41A00E6159E /* MainTabViewController.swift */; };
		6792D9222347ECA100E6159E /* GalleryViewController.swift in Sources */ = {isa = PBXBuildFile; fileRef = 6792D9212347ECA100E6159E /* GalleryViewController.swift */; };
		6792D92423480C3D00E6159E /* ImagePreviewVC.swift in Sources */ = {isa = PBXBuildFile; fileRef = 6792D92323480C3D00E6159E /* ImagePreviewVC.swift */; };
		6792D9262349D1E900E6159E /* PersonImageCell.swift in Sources */ = {isa = PBXBuildFile; fileRef = 6792D9252349D1E800E6159E /* PersonImageCell.swift */; };
		6792D928234A92A700E6159E /* PhotoItemCell.swift in Sources */ = {isa = PBXBuildFile; fileRef = 6792D927234A92A700E6159E /* PhotoItemCell.swift */; };
		6792D92A234D8FE000E6159E /* AlbumsViewController.swift in Sources */ = {isa = PBXBuildFile; fileRef = 6792D929234D8FE000E6159E /* AlbumsViewController.swift */; };
		6792D934234ED5BD00E6159E /* PrivImagePreviewVC.swift in Sources */ = {isa = PBXBuildFile; fileRef = 6792D933234ED5BD00E6159E /* PrivImagePreviewVC.swift */; };
		6797F3882322E32B006A3C0D /* AppDelegate.swift in Sources */ = {isa = PBXBuildFile; fileRef = 6797F3872322E32B006A3C0D /* AppDelegate.swift */; };
		6797F38D2322E32B006A3C0D /* Main.storyboard in Resources */ = {isa = PBXBuildFile; fileRef = 6797F38B2322E32B006A3C0D /* Main.storyboard */; };
		6797F38F2322E32D006A3C0D /* Assets.xcassets in Resources */ = {isa = PBXBuildFile; fileRef = 6797F38E2322E32D006A3C0D /* Assets.xcassets */; };
		6797F3922322E32D006A3C0D /* LaunchScreen.storyboard in Resources */ = {isa = PBXBuildFile; fileRef = 6797F3902322E32D006A3C0D /* LaunchScreen.storyboard */; };
		6797F3BD23248160006A3C0D /* GoogleService-Info.plist in Resources */ = {isa = PBXBuildFile; fileRef = 6797F3BC23248160006A3C0D /* GoogleService-Info.plist */; };
		67BC22832327432800653900 /* ViewController.swift in Sources */ = {isa = PBXBuildFile; fileRef = 67BC22822327432800653900 /* ViewController.swift */; };
		67BC2287232743AA00653900 /* HomeViewController.swift in Sources */ = {isa = PBXBuildFile; fileRef = 67BC2286232743AA00653900 /* HomeViewController.swift */; };
		67BC2289232743C800653900 /* LogInViewController.swift in Sources */ = {isa = PBXBuildFile; fileRef = 67BC2288232743C800653900 /* LogInViewController.swift */; };
		67BC228B2327483B00653900 /* SignUpViewController.swift in Sources */ = {isa = PBXBuildFile; fileRef = 67BC228A2327483B00653900 /* SignUpViewController.swift */; };
		67BC228D2328B21400653900 /* AddFriendsTableViewController.swift in Sources */ = {isa = PBXBuildFile; fileRef = 67BC228C2328B21400653900 /* AddFriendsTableViewController.swift */; };
		67BC2291232B757100653900 /* FriendCell.swift in Sources */ = {isa = PBXBuildFile; fileRef = 67BC2290232B757100653900 /* FriendCell.swift */; };
		67BC2293232C5E8500653900 /* FriendsViewController.swift in Sources */ = {isa = PBXBuildFile; fileRef = 67BC2292232C5E8500653900 /* FriendsViewController.swift */; };
		67BC2297232DD7DA00653900 /* FriendRequestsTableViewController.swift in Sources */ = {isa = PBXBuildFile; fileRef = 67BC2296232DD7DA00653900 /* FriendRequestsTableViewController.swift */; };
		67BC2299232E046A00653900 /* RequestCell.swift in Sources */ = {isa = PBXBuildFile; fileRef = 67BC2298232E046A00653900 /* RequestCell.swift */; };
		67BC229C232F43C300653900 /* MainNavigationController.swift in Sources */ = {isa = PBXBuildFile; fileRef = 67BC229B232F43C300653900 /* MainNavigationController.swift */; };
		80C63EB690553E26C390470F /* Pods_GalleryShare.framework in Frameworks */ = {isa = PBXBuildFile; fileRef = 2FA064BC434328A857080A3F /* Pods_GalleryShare.framework */; };
		A15058CA34D615CDE4182548 /* Pods_GalleryShareUITests.framework in Frameworks */ = {isa = PBXBuildFile; fileRef = 86FCB92C7A5C5C68E729CC5D /* Pods_GalleryShareUITests.framework */; };
		AE714EF866F1E236475CA0B1 /* Pods_GalleryShareTests.framework in Frameworks */ = {isa = PBXBuildFile; fileRef = AAE08FF0AC4940619EF2F61E /* Pods_GalleryShareTests.framework */; };
/* End PBXBuildFile section */

/* Begin PBXContainerItemProxy section */
		6797F3992322E32D006A3C0D /* PBXContainerItemProxy */ = {
			isa = PBXContainerItemProxy;
			containerPortal = 6797F37C2322E32B006A3C0D /* Project object */;
			proxyType = 1;
			remoteGlobalIDString = 6797F3832322E32B006A3C0D;
			remoteInfo = GalleryShare;
		};
		6797F3A42322E32D006A3C0D /* PBXContainerItemProxy */ = {
			isa = PBXContainerItemProxy;
			containerPortal = 6797F37C2322E32B006A3C0D /* Project object */;
			proxyType = 1;
			remoteGlobalIDString = 6797F3832322E32B006A3C0D;
			remoteInfo = GalleryShare;
		};
/* End PBXContainerItemProxy section */

/* Begin PBXFileReference section */
		2FA064BC434328A857080A3F /* Pods_GalleryShare.framework */ = {isa = PBXFileReference; explicitFileType = wrapper.framework; includeInIndex = 0; path = Pods_GalleryShare.framework; sourceTree = BUILT_PRODUCTS_DIR; };
		40665F14772482E5C98D1156 /* Pods-GalleryShareTests.debug.xcconfig */ = {isa = PBXFileReference; includeInIndex = 1; lastKnownFileType = text.xcconfig; name = "Pods-GalleryShareTests.debug.xcconfig"; path = "Target Support Files/Pods-GalleryShareTests/Pods-GalleryShareTests.debug.xcconfig"; sourceTree = "<group>"; };
		4CAB2CB27C8110CC9F565DA5 /* Pods-GalleryShareUITests.debug.xcconfig */ = {isa = PBXFileReference; includeInIndex = 1; lastKnownFileType = text.xcconfig; name = "Pods-GalleryShareUITests.debug.xcconfig"; path = "Target Support Files/Pods-GalleryShareUITests/Pods-GalleryShareUITests.debug.xcconfig"; sourceTree = "<group>"; };
		52A49F67246B66278C985ED7 /* Pods-GalleryShare.release.xcconfig */ = {isa = PBXFileReference; includeInIndex = 1; lastKnownFileType = text.xcconfig; name = "Pods-GalleryShare.release.xcconfig"; path = "Target Support Files/Pods-GalleryShare/Pods-GalleryShare.release.xcconfig"; sourceTree = "<group>"; };
		535EDE7C4A859C70EDDE7339 /* Pods-GalleryShareUITests.release.xcconfig */ = {isa = PBXFileReference; includeInIndex = 1; lastKnownFileType = text.xcconfig; name = "Pods-GalleryShareUITests.release.xcconfig"; path = "Target Support Files/Pods-GalleryShareUITests/Pods-GalleryShareUITests.release.xcconfig"; sourceTree = "<group>"; };
		670BEFDF2325E01200A04E97 /* Utilities.swift */ = {isa = PBXFileReference; fileEncoding = 4; lastKnownFileType = sourcecode.swift; path = Utilities.swift; sourceTree = "<group>"; };
		670BEFE12325E01900A04E97 /* Constants.swift */ = {isa = PBXFileReference; fileEncoding = 4; lastKnownFileType = sourcecode.swift; path = Constants.swift; sourceTree = "<group>"; };
		6734765C233B24AD005469FC /* FaceRecViewController.swift */ = {isa = PBXFileReference; lastKnownFileType = sourcecode.swift; path = FaceRecViewController.swift; sourceTree = "<group>"; };
		673476642341246E005469FC /* IntroPageViewController.swift */ = {isa = PBXFileReference; lastKnownFileType = sourcecode.swift; path = IntroPageViewController.swift; sourceTree = "<group>"; };
		67347666234124C6005469FC /* FR2ViewController.swift */ = {isa = PBXFileReference; lastKnownFileType = sourcecode.swift; path = FR2ViewController.swift; sourceTree = "<group>"; };
		6734766823412559005469FC /* FR3ViewController.swift */ = {isa = PBXFileReference; lastKnownFileType = sourcecode.swift; path = FR3ViewController.swift; sourceTree = "<group>"; };
		6734766A234125E5005469FC /* GuideViewController.swift */ = {isa = PBXFileReference; lastKnownFileType = sourcecode.swift; path = GuideViewController.swift; sourceTree = "<group>"; };
		6734766C23430FA6005469FC /* Checkbox.swift */ = {isa = PBXFileReference; lastKnownFileType = sourcecode.swift; path = Checkbox.swift; sourceTree = "<group>"; };
		6734766E23446F6D005469FC /* SwipingController.swift */ = {isa = PBXFileReference; fileEncoding = 4; lastKnownFileType = sourcecode.swift; name = SwipingController.swift; path = "GalleryShare/View Controllers/SwipingController.swift"; sourceTree = SOURCE_ROOT; };
		67365DB023526A3B00360D7D /* SendCell.swift */ = {isa = PBXFileReference; lastKnownFileType = sourcecode.swift; path = SendCell.swift; sourceTree = "<group>"; };
		67365DB223526B8200360D7D /* SendTableViewController.swift */ = {isa = PBXFileReference; lastKnownFileType = sourcecode.swift; path = SendTableViewController.swift; sourceTree = "<group>"; };
		676D2B392356744000D49B85 /* FriendViewController.swift */ = {isa = PBXFileReference; lastKnownFileType = sourcecode.swift; path = FriendViewController.swift; sourceTree = "<group>"; };
		676D2B3B2356CA4A00D49B85 /* Photo.swift */ = {isa = PBXFileReference; lastKnownFileType = sourcecode.swift; path = Photo.swift; sourceTree = "<group>"; };
		676D2B3D2356CC2300D49B85 /* PrivateViewController.swift */ = {isa = PBXFileReference; lastKnownFileType = sourcecode.swift; name = PrivateViewController.swift; path = "/Users/andreb/Desktop/GalleryShare/GalleryShare/View Controllers/PrivateViewController.swift"; sourceTree = "<absolute>"; };
		67922A84235960CA004092C5 /* FriendImagePreviewVC.swift */ = {isa = PBXFileReference; lastKnownFileType = sourcecode.swift; path = FriendImagePreviewVC.swift; sourceTree = "<group>"; };
		67922A87235A4850004092C5 /* CreateAlbumViewController.swift */ = {isa = PBXFileReference; lastKnownFileType = sourcecode.swift; path = CreateAlbumViewController.swift; sourceTree = "<group>"; };
		67922A8B235A6385004092C5 /* AlbumFriendsTableViewController.swift */ = {isa = PBXFileReference; lastKnownFileType = sourcecode.swift; path = AlbumFriendsTableViewController.swift; sourceTree = "<group>"; };
		67922A8D235A63BE004092C5 /* AlbumCell.swift */ = {isa = PBXFileReference; lastKnownFileType = sourcecode.swift; path = AlbumCell.swift; sourceTree = "<group>"; };
		6792D91F2347E41A00E6159E /* MainTabViewController.swift */ = {isa = PBXFileReference; lastKnownFileType = sourcecode.swift; path = MainTabViewController.swift; sourceTree = "<group>"; };
		6792D9212347ECA100E6159E /* GalleryViewController.swift */ = {isa = PBXFileReference; lastKnownFileType = sourcecode.swift; path = GalleryViewController.swift; sourceTree = "<group>"; };
		6792D92323480C3D00E6159E /* ImagePreviewVC.swift */ = {isa = PBXFileReference; lastKnownFileType = sourcecode.swift; path = ImagePreviewVC.swift; sourceTree = "<group>"; };
		6792D9252349D1E800E6159E /* PersonImageCell.swift */ = {isa = PBXFileReference; lastKnownFileType = sourcecode.swift; path = PersonImageCell.swift; sourceTree = "<group>"; };
		6792D927234A92A700E6159E /* PhotoItemCell.swift */ = {isa = PBXFileReference; lastKnownFileType = sourcecode.swift; path = PhotoItemCell.swift; sourceTree = "<group>"; };
		6792D929234D8FE000E6159E /* AlbumsViewController.swift */ = {isa = PBXFileReference; lastKnownFileType = sourcecode.swift; path = AlbumsViewController.swift; sourceTree = "<group>"; };
		6792D933234ED5BD00E6159E /* PrivImagePreviewVC.swift */ = {isa = PBXFileReference; lastKnownFileType = sourcecode.swift; path = PrivImagePreviewVC.swift; sourceTree = "<group>"; };
		6797F3842322E32B006A3C0D /* GalleryShare.app */ = {isa = PBXFileReference; explicitFileType = wrapper.application; includeInIndex = 0; path = GalleryShare.app; sourceTree = BUILT_PRODUCTS_DIR; };
		6797F3872322E32B006A3C0D /* AppDelegate.swift */ = {isa = PBXFileReference; lastKnownFileType = sourcecode.swift; path = AppDelegate.swift; sourceTree = "<group>"; };
		6797F38C2322E32B006A3C0D /* Base */ = {isa = PBXFileReference; lastKnownFileType = file.storyboard; name = Base; path = Base.lproj/Main.storyboard; sourceTree = "<group>"; };
		6797F38E2322E32D006A3C0D /* Assets.xcassets */ = {isa = PBXFileReference; lastKnownFileType = folder.assetcatalog; path = Assets.xcassets; sourceTree = "<group>"; };
		6797F3912322E32D006A3C0D /* Base */ = {isa = PBXFileReference; lastKnownFileType = file.storyboard; name = Base; path = Base.lproj/LaunchScreen.storyboard; sourceTree = "<group>"; };
		6797F3932322E32D006A3C0D /* Info.plist */ = {isa = PBXFileReference; lastKnownFileType = text.plist.xml; path = Info.plist; sourceTree = "<group>"; };
		6797F3982322E32D006A3C0D /* GalleryShareTests.xctest */ = {isa = PBXFileReference; explicitFileType = wrapper.cfbundle; includeInIndex = 0; path = GalleryShareTests.xctest; sourceTree = BUILT_PRODUCTS_DIR; };
		6797F3A32322E32D006A3C0D /* GalleryShareUITests.xctest */ = {isa = PBXFileReference; explicitFileType = wrapper.cfbundle; includeInIndex = 0; path = GalleryShareUITests.xctest; sourceTree = BUILT_PRODUCTS_DIR; };
		6797F3BC23248160006A3C0D /* GoogleService-Info.plist */ = {isa = PBXFileReference; fileEncoding = 4; lastKnownFileType = text.plist.xml; name = "GoogleService-Info.plist"; path = "../../../Downloads/GoogleService-Info.plist"; sourceTree = "<group>"; };
		67BC22822327432800653900 /* ViewController.swift */ = {isa = PBXFileReference; lastKnownFileType = sourcecode.swift; path = ViewController.swift; sourceTree = "<group>"; };
		67BC2286232743AA00653900 /* HomeViewController.swift */ = {isa = PBXFileReference; lastKnownFileType = sourcecode.swift; path = HomeViewController.swift; sourceTree = "<group>"; };
		67BC2288232743C800653900 /* LogInViewController.swift */ = {isa = PBXFileReference; lastKnownFileType = sourcecode.swift; path = LogInViewController.swift; sourceTree = "<group>"; };
		67BC228A2327483B00653900 /* SignUpViewController.swift */ = {isa = PBXFileReference; lastKnownFileType = sourcecode.swift; path = SignUpViewController.swift; sourceTree = "<group>"; };
		67BC228C2328B21400653900 /* AddFriendsTableViewController.swift */ = {isa = PBXFileReference; lastKnownFileType = sourcecode.swift; path = AddFriendsTableViewController.swift; sourceTree = "<group>"; };
		67BC2290232B757100653900 /* FriendCell.swift */ = {isa = PBXFileReference; lastKnownFileType = sourcecode.swift; path = FriendCell.swift; sourceTree = "<group>"; };
		67BC2292232C5E8500653900 /* FriendsViewController.swift */ = {isa = PBXFileReference; lastKnownFileType = sourcecode.swift; path = FriendsViewController.swift; sourceTree = "<group>"; };
		67BC2296232DD7DA00653900 /* FriendRequestsTableViewController.swift */ = {isa = PBXFileReference; lastKnownFileType = sourcecode.swift; path = FriendRequestsTableViewController.swift; sourceTree = "<group>"; };
		67BC2298232E046A00653900 /* RequestCell.swift */ = {isa = PBXFileReference; lastKnownFileType = sourcecode.swift; path = RequestCell.swift; sourceTree = "<group>"; };
		67BC229B232F43C300653900 /* MainNavigationController.swift */ = {isa = PBXFileReference; lastKnownFileType = sourcecode.swift; path = MainNavigationController.swift; sourceTree = "<group>"; };
		6827CA1F90E3A544C3676AC6 /* Pods-GalleryShareTests.release.xcconfig */ = {isa = PBXFileReference; includeInIndex = 1; lastKnownFileType = text.xcconfig; name = "Pods-GalleryShareTests.release.xcconfig"; path = "Target Support Files/Pods-GalleryShareTests/Pods-GalleryShareTests.release.xcconfig"; sourceTree = "<group>"; };
		81478EAB71CE9C6067210F2A /* Pods-GalleryShare.debug.xcconfig */ = {isa = PBXFileReference; includeInIndex = 1; lastKnownFileType = text.xcconfig; name = "Pods-GalleryShare.debug.xcconfig"; path = "Target Support Files/Pods-GalleryShare/Pods-GalleryShare.debug.xcconfig"; sourceTree = "<group>"; };
		86FCB92C7A5C5C68E729CC5D /* Pods_GalleryShareUITests.framework */ = {isa = PBXFileReference; explicitFileType = wrapper.framework; includeInIndex = 0; path = Pods_GalleryShareUITests.framework; sourceTree = BUILT_PRODUCTS_DIR; };
		AAE08FF0AC4940619EF2F61E /* Pods_GalleryShareTests.framework */ = {isa = PBXFileReference; explicitFileType = wrapper.framework; includeInIndex = 0; path = Pods_GalleryShareTests.framework; sourceTree = BUILT_PRODUCTS_DIR; };
/* End PBXFileReference section */

/* Begin PBXFrameworksBuildPhase section */
		6797F3812322E32B006A3C0D /* Frameworks */ = {
			isa = PBXFrameworksBuildPhase;
			buildActionMask = 2147483647;
			files = (
				80C63EB690553E26C390470F /* Pods_GalleryShare.framework in Frameworks */,
			);
			runOnlyForDeploymentPostprocessing = 0;
		};
		6797F3952322E32D006A3C0D /* Frameworks */ = {
			isa = PBXFrameworksBuildPhase;
			buildActionMask = 2147483647;
			files = (
				AE714EF866F1E236475CA0B1 /* Pods_GalleryShareTests.framework in Frameworks */,
			);
			runOnlyForDeploymentPostprocessing = 0;
		};
		6797F3A02322E32D006A3C0D /* Frameworks */ = {
			isa = PBXFrameworksBuildPhase;
			buildActionMask = 2147483647;
			files = (
				A15058CA34D615CDE4182548 /* Pods_GalleryShareUITests.framework in Frameworks */,
			);
			runOnlyForDeploymentPostprocessing = 0;
		};
/* End PBXFrameworksBuildPhase section */

/* Begin PBXGroup section */
		20EC2C6DAA4209ABC1BE57D0 /* Pods */ = {
			isa = PBXGroup;
			children = (
				81478EAB71CE9C6067210F2A /* Pods-GalleryShare.debug.xcconfig */,
				52A49F67246B66278C985ED7 /* Pods-GalleryShare.release.xcconfig */,
				40665F14772482E5C98D1156 /* Pods-GalleryShareTests.debug.xcconfig */,
				6827CA1F90E3A544C3676AC6 /* Pods-GalleryShareTests.release.xcconfig */,
				4CAB2CB27C8110CC9F565DA5 /* Pods-GalleryShareUITests.debug.xcconfig */,
				535EDE7C4A859C70EDDE7339 /* Pods-GalleryShareUITests.release.xcconfig */,
			);
			path = Pods;
			sourceTree = "<group>";
		};
		670BEFDD2325DDEF00A04E97 /* View Controllers */ = {
			isa = PBXGroup;
			children = (
				676D2B3D2356CC2300D49B85 /* PrivateViewController.swift */,
				6734766E23446F6D005469FC /* SwipingController.swift */,
				67BC22822327432800653900 /* ViewController.swift */,
				67BC2286232743AA00653900 /* HomeViewController.swift */,
				67BC2288232743C800653900 /* LogInViewController.swift */,
				67BC228A2327483B00653900 /* SignUpViewController.swift */,
				67BC2292232C5E8500653900 /* FriendsViewController.swift */,
				67BC228C2328B21400653900 /* AddFriendsTableViewController.swift */,
				67BC2296232DD7DA00653900 /* FriendRequestsTableViewController.swift */,
				6734766A234125E5005469FC /* GuideViewController.swift */,
				6792D91F2347E41A00E6159E /* MainTabViewController.swift */,
				6792D9212347ECA100E6159E /* GalleryViewController.swift */,
				6792D929234D8FE000E6159E /* AlbumsViewController.swift */,
				67365DB223526B8200360D7D /* SendTableViewController.swift */,
				676D2B392356744000D49B85 /* FriendViewController.swift */,
				67922A87235A4850004092C5 /* CreateAlbumViewController.swift */,
				67922A8B235A6385004092C5 /* AlbumFriendsTableViewController.swift */,
			);
			path = "View Controllers";
			sourceTree = "<group>";
		};
		670BEFDE2325DF5300A04E97 /* Helpers */ = {
			isa = PBXGroup;
			children = (
				670BEFE12325E01900A04E97 /* Constants.swift */,
				670BEFDF2325E01200A04E97 /* Utilities.swift */,
				67BC2290232B757100653900 /* FriendCell.swift */,
				6734766C23430FA6005469FC /* Checkbox.swift */,
				6792D9252349D1E800E6159E /* PersonImageCell.swift */,
				6792D927234A92A700E6159E /* PhotoItemCell.swift */,
				67365DB023526A3B00360D7D /* SendCell.swift */,
				676D2B3B2356CA4A00D49B85 /* Photo.swift */,
				67BC2298232E046A00653900 /* RequestCell.swift */,
				67922A8D235A63BE004092C5 /* AlbumCell.swift */,
			);
			path = Helpers;
			sourceTree = "<group>";
		};
		67922A8623596110004092C5 /* ImagePreviews */ = {
			isa = PBXGroup;
			children = (
				6792D92323480C3D00E6159E /* ImagePreviewVC.swift */,
				67922A84235960CA004092C5 /* FriendImagePreviewVC.swift */,
				6792D933234ED5BD00E6159E /* PrivImagePreviewVC.swift */,
			);
			path = ImagePreviews;
			sourceTree = "<group>";
		};
		6792D92F234D901400E6159E /* IntroStuff */ = {
			isa = PBXGroup;
			children = (
				673476642341246E005469FC /* IntroPageViewController.swift */,
				6734765C233B24AD005469FC /* FaceRecViewController.swift */,
				67347666234124C6005469FC /* FR2ViewController.swift */,
				6734766823412559005469FC /* FR3ViewController.swift */,
			);
			path = IntroStuff;
			sourceTree = "<group>";
		};
		6797F37B2322E32B006A3C0D = {
			isa = PBXGroup;
			children = (
				6797F3862322E32B006A3C0D /* GalleryShare */,
				6797F3852322E32B006A3C0D /* Products */,
				20EC2C6DAA4209ABC1BE57D0 /* Pods */,
				B4BD4783DA815A8BD1F962CB /* Frameworks */,
			);
			sourceTree = "<group>";
		};
		6797F3852322E32B006A3C0D /* Products */ = {
			isa = PBXGroup;
			children = (
				6797F3842322E32B006A3C0D /* GalleryShare.app */,
				6797F3982322E32D006A3C0D /* GalleryShareTests.xctest */,
				6797F3A32322E32D006A3C0D /* GalleryShareUITests.xctest */,
			);
			name = Products;
			sourceTree = "<group>";
		};
		6797F3862322E32B006A3C0D /* GalleryShare */ = {
			isa = PBXGroup;
			children = (
				67922A8623596110004092C5 /* ImagePreviews */,
				6792D92F234D901400E6159E /* IntroStuff */,
				67BC229A232F435300653900 /* Navigation Controllers */,
				670BEFDE2325DF5300A04E97 /* Helpers */,
				670BEFDD2325DDEF00A04E97 /* View Controllers */,
				6797F3BC23248160006A3C0D /* GoogleService-Info.plist */,
				6797F38B2322E32B006A3C0D /* Main.storyboard */,
				6797F3872322E32B006A3C0D /* AppDelegate.swift */,
				6797F38E2322E32D006A3C0D /* Assets.xcassets */,
				6797F3902322E32D006A3C0D /* LaunchScreen.storyboard */,
				6797F3932322E32D006A3C0D /* Info.plist */,
			);
			path = GalleryShare;
			sourceTree = "<group>";
		};
		67BC229A232F435300653900 /* Navigation Controllers */ = {
			isa = PBXGroup;
			children = (
				67BC229B232F43C300653900 /* MainNavigationController.swift */,
			);
			path = "Navigation Controllers";
			sourceTree = "<group>";
		};
		B4BD4783DA815A8BD1F962CB /* Frameworks */ = {
			isa = PBXGroup;
			children = (
				2FA064BC434328A857080A3F /* Pods_GalleryShare.framework */,
				AAE08FF0AC4940619EF2F61E /* Pods_GalleryShareTests.framework */,
				86FCB92C7A5C5C68E729CC5D /* Pods_GalleryShareUITests.framework */,
			);
			name = Frameworks;
			sourceTree = "<group>";
		};
/* End PBXGroup section */

/* Begin PBXNativeTarget section */
		6797F3832322E32B006A3C0D /* GalleryShare */ = {
			isa = PBXNativeTarget;
			buildConfigurationList = 6797F3AC2322E32D006A3C0D /* Build configuration list for PBXNativeTarget "GalleryShare" */;
			buildPhases = (
				B824228CCE52F93061B2D16B /* [CP] Check Pods Manifest.lock */,
				6797F3802322E32B006A3C0D /* Sources */,
				6797F3812322E32B006A3C0D /* Frameworks */,
				6797F3822322E32B006A3C0D /* Resources */,
				147237F966D8738A68706380 /* [CP] Embed Pods Frameworks */,
				A3AEE7C68720748A92BC1786 /* [CP] Copy Pods Resources */,
			);
			buildRules = (
			);
			dependencies = (
			);
			name = GalleryShare;
			productName = GalleryShare;
			productReference = 6797F3842322E32B006A3C0D /* GalleryShare.app */;
			productType = "com.apple.product-type.application";
		};
		6797F3972322E32D006A3C0D /* GalleryShareTests */ = {
			isa = PBXNativeTarget;
			buildConfigurationList = 6797F3AF2322E32D006A3C0D /* Build configuration list for PBXNativeTarget "GalleryShareTests" */;
			buildPhases = (
				FFEBFD00A598504703CC1C19 /* [CP] Check Pods Manifest.lock */,
				6797F3942322E32D006A3C0D /* Sources */,
				6797F3952322E32D006A3C0D /* Frameworks */,
				6797F3962322E32D006A3C0D /* Resources */,
			);
			buildRules = (
			);
			dependencies = (
				6797F39A2322E32D006A3C0D /* PBXTargetDependency */,
			);
			name = GalleryShareTests;
			productName = GalleryShareTests;
			productReference = 6797F3982322E32D006A3C0D /* GalleryShareTests.xctest */;
			productType = "com.apple.product-type.bundle.unit-test";
		};
		6797F3A22322E32D006A3C0D /* GalleryShareUITests */ = {
			isa = PBXNativeTarget;
			buildConfigurationList = 6797F3B22322E32D006A3C0D /* Build configuration list for PBXNativeTarget "GalleryShareUITests" */;
			buildPhases = (
				D05C389C0871C69F84327751 /* [CP] Check Pods Manifest.lock */,
				6797F39F2322E32D006A3C0D /* Sources */,
				6797F3A02322E32D006A3C0D /* Frameworks */,
				6797F3A12322E32D006A3C0D /* Resources */,
			);
			buildRules = (
			);
			dependencies = (
				6797F3A52322E32D006A3C0D /* PBXTargetDependency */,
			);
			name = GalleryShareUITests;
			productName = GalleryShareUITests;
			productReference = 6797F3A32322E32D006A3C0D /* GalleryShareUITests.xctest */;
			productType = "com.apple.product-type.bundle.ui-testing";
		};
/* End PBXNativeTarget section */

/* Begin PBXProject section */
		6797F37C2322E32B006A3C0D /* Project object */ = {
			isa = PBXProject;
			attributes = {
				LastSwiftUpdateCheck = 1030;
				LastUpgradeCheck = 1030;
				ORGANIZATIONNAME = "Andre Birsan";
				TargetAttributes = {
					6797F3832322E32B006A3C0D = {
						CreatedOnToolsVersion = 10.3;
					};
					6797F3972322E32D006A3C0D = {
						CreatedOnToolsVersion = 10.3;
						TestTargetID = 6797F3832322E32B006A3C0D;
					};
					6797F3A22322E32D006A3C0D = {
						CreatedOnToolsVersion = 10.3;
						TestTargetID = 6797F3832322E32B006A3C0D;
					};
				};
			};
			buildConfigurationList = 6797F37F2322E32B006A3C0D /* Build configuration list for PBXProject "GalleryShare" */;
			compatibilityVersion = "Xcode 9.3";
			developmentRegion = en;
			hasScannedForEncodings = 0;
			knownRegions = (
				en,
				Base,
			);
			mainGroup = 6797F37B2322E32B006A3C0D;
			productRefGroup = 6797F3852322E32B006A3C0D /* Products */;
			projectDirPath = "";
			projectRoot = "";
			targets = (
				6797F3832322E32B006A3C0D /* GalleryShare */,
				6797F3972322E32D006A3C0D /* GalleryShareTests */,
				6797F3A22322E32D006A3C0D /* GalleryShareUITests */,
			);
		};
/* End PBXProject section */

/* Begin PBXResourcesBuildPhase section */
		6797F3822322E32B006A3C0D /* Resources */ = {
			isa = PBXResourcesBuildPhase;
			buildActionMask = 2147483647;
			files = (
				6797F3922322E32D006A3C0D /* LaunchScreen.storyboard in Resources */,
				6797F3BD23248160006A3C0D /* GoogleService-Info.plist in Resources */,
				6797F38F2322E32D006A3C0D /* Assets.xcassets in Resources */,
				6797F38D2322E32B006A3C0D /* Main.storyboard in Resources */,
			);
			runOnlyForDeploymentPostprocessing = 0;
		};
		6797F3962322E32D006A3C0D /* Resources */ = {
			isa = PBXResourcesBuildPhase;
			buildActionMask = 2147483647;
			files = (
			);
			runOnlyForDeploymentPostprocessing = 0;
		};
		6797F3A12322E32D006A3C0D /* Resources */ = {
			isa = PBXResourcesBuildPhase;
			buildActionMask = 2147483647;
			files = (
			);
			runOnlyForDeploymentPostprocessing = 0;
		};
/* End PBXResourcesBuildPhase section */

/* Begin PBXShellScriptBuildPhase section */
		147237F966D8738A68706380 /* [CP] Embed Pods Frameworks */ = {
			isa = PBXShellScriptBuildPhase;
			buildActionMask = 2147483647;
			files = (
			);
			inputFileListPaths = (
				"${PODS_ROOT}/Target Support Files/Pods-GalleryShare/Pods-GalleryShare-frameworks-${CONFIGURATION}-input-files.xcfilelist",
			);
			name = "[CP] Embed Pods Frameworks";
			outputFileListPaths = (
				"${PODS_ROOT}/Target Support Files/Pods-GalleryShare/Pods-GalleryShare-frameworks-${CONFIGURATION}-output-files.xcfilelist",
			);
			runOnlyForDeploymentPostprocessing = 0;
			shellPath = /bin/sh;
			shellScript = "\"${PODS_ROOT}/Target Support Files/Pods-GalleryShare/Pods-GalleryShare-frameworks.sh\"\n";
			showEnvVarsInLog = 0;
		};
		A3AEE7C68720748A92BC1786 /* [CP] Copy Pods Resources */ = {
			isa = PBXShellScriptBuildPhase;
			buildActionMask = 2147483647;
			files = (
			);
			inputFileListPaths = (
				"${PODS_ROOT}/Target Support Files/Pods-GalleryShare/Pods-GalleryShare-resources-${CONFIGURATION}-input-files.xcfilelist",
			);
			name = "[CP] Copy Pods Resources";
			outputFileListPaths = (
				"${PODS_ROOT}/Target Support Files/Pods-GalleryShare/Pods-GalleryShare-resources-${CONFIGURATION}-output-files.xcfilelist",
			);
			runOnlyForDeploymentPostprocessing = 0;
			shellPath = /bin/sh;
			shellScript = "\"${PODS_ROOT}/Target Support Files/Pods-GalleryShare/Pods-GalleryShare-resources.sh\"\n";
			showEnvVarsInLog = 0;
		};
		B824228CCE52F93061B2D16B /* [CP] Check Pods Manifest.lock */ = {
			isa = PBXShellScriptBuildPhase;
			buildActionMask = 2147483647;
			files = (
			);
			inputFileListPaths = (
			);
			inputPaths = (
				"${PODS_PODFILE_DIR_PATH}/Podfile.lock",
				"${PODS_ROOT}/Manifest.lock",
			);
			name = "[CP] Check Pods Manifest.lock";
			outputFileListPaths = (
			);
			outputPaths = (
				"$(DERIVED_FILE_DIR)/Pods-GalleryShare-checkManifestLockResult.txt",
			);
			runOnlyForDeploymentPostprocessing = 0;
			shellPath = /bin/sh;
			shellScript = "diff \"${PODS_PODFILE_DIR_PATH}/Podfile.lock\" \"${PODS_ROOT}/Manifest.lock\" > /dev/null\nif [ $? != 0 ] ; then\n    # print error to STDERR\n    echo \"error: The sandbox is not in sync with the Podfile.lock. Run 'pod install' or update your CocoaPods installation.\" >&2\n    exit 1\nfi\n# This output is used by Xcode 'outputs' to avoid re-running this script phase.\necho \"SUCCESS\" > \"${SCRIPT_OUTPUT_FILE_0}\"\n";
			showEnvVarsInLog = 0;
		};
		D05C389C0871C69F84327751 /* [CP] Check Pods Manifest.lock */ = {
			isa = PBXShellScriptBuildPhase;
			buildActionMask = 2147483647;
			files = (
			);
			inputFileListPaths = (
			);
			inputPaths = (
				"${PODS_PODFILE_DIR_PATH}/Podfile.lock",
				"${PODS_ROOT}/Manifest.lock",
			);
			name = "[CP] Check Pods Manifest.lock";
			outputFileListPaths = (
			);
			outputPaths = (
				"$(DERIVED_FILE_DIR)/Pods-GalleryShareUITests-checkManifestLockResult.txt",
			);
			runOnlyForDeploymentPostprocessing = 0;
			shellPath = /bin/sh;
			shellScript = "diff \"${PODS_PODFILE_DIR_PATH}/Podfile.lock\" \"${PODS_ROOT}/Manifest.lock\" > /dev/null\nif [ $? != 0 ] ; then\n    # print error to STDERR\n    echo \"error: The sandbox is not in sync with the Podfile.lock. Run 'pod install' or update your CocoaPods installation.\" >&2\n    exit 1\nfi\n# This output is used by Xcode 'outputs' to avoid re-running this script phase.\necho \"SUCCESS\" > \"${SCRIPT_OUTPUT_FILE_0}\"\n";
			showEnvVarsInLog = 0;
		};
		FFEBFD00A598504703CC1C19 /* [CP] Check Pods Manifest.lock */ = {
			isa = PBXShellScriptBuildPhase;
			buildActionMask = 2147483647;
			files = (
			);
			inputFileListPaths = (
			);
			inputPaths = (
				"${PODS_PODFILE_DIR_PATH}/Podfile.lock",
				"${PODS_ROOT}/Manifest.lock",
			);
			name = "[CP] Check Pods Manifest.lock";
			outputFileListPaths = (
			);
			outputPaths = (
				"$(DERIVED_FILE_DIR)/Pods-GalleryShareTests-checkManifestLockResult.txt",
			);
			runOnlyForDeploymentPostprocessing = 0;
			shellPath = /bin/sh;
			shellScript = "diff \"${PODS_PODFILE_DIR_PATH}/Podfile.lock\" \"${PODS_ROOT}/Manifest.lock\" > /dev/null\nif [ $? != 0 ] ; then\n    # print error to STDERR\n    echo \"error: The sandbox is not in sync with the Podfile.lock. Run 'pod install' or update your CocoaPods installation.\" >&2\n    exit 1\nfi\n# This output is used by Xcode 'outputs' to avoid re-running this script phase.\necho \"SUCCESS\" > \"${SCRIPT_OUTPUT_FILE_0}\"\n";
			showEnvVarsInLog = 0;
		};
/* End PBXShellScriptBuildPhase section */

/* Begin PBXSourcesBuildPhase section */
		6797F3802322E32B006A3C0D /* Sources */ = {
			isa = PBXSourcesBuildPhase;
			buildActionMask = 2147483647;
			files = (
				670BEFE22325E01900A04E97 /* Constants.swift in Sources */,
				67BC2299232E046A00653900 /* RequestCell.swift in Sources */,
				6734766F23446F6D005469FC /* SwipingController.swift in Sources */,
				67BC228D2328B21400653900 /* AddFriendsTableViewController.swift in Sources */,
				67BC228B2327483B00653900 /* SignUpViewController.swift in Sources */,
				67922A85235960CA004092C5 /* FriendImagePreviewVC.swift in Sources */,
				676D2B3E2356CC2400D49B85 /* PrivateViewController.swift in Sources */,
				6734766D23430FA6005469FC /* Checkbox.swift in Sources */,
				6792D9262349D1E900E6159E /* PersonImageCell.swift in Sources */,
				670BEFE02325E01200A04E97 /* Utilities.swift in Sources */,
				67365DB123526A3B00360D7D /* SendCell.swift in Sources */,
				67BC2291232B757100653900 /* FriendCell.swift in Sources */,
				67347667234124C6005469FC /* FR2ViewController.swift in Sources */,
				676D2B3A2356744000D49B85 /* FriendViewController.swift in Sources */,
				67BC22832327432800653900 /* ViewController.swift in Sources */,
				67BC2293232C5E8500653900 /* FriendsViewController.swift in Sources */,
				673476652341246E005469FC /* IntroPageViewController.swift in Sources */,
				6792D92423480C3D00E6159E /* ImagePreviewVC.swift in Sources */,
				676D2B3C2356CA4A00D49B85 /* Photo.swift in Sources */,
				67BC2289232743C800653900 /* LogInViewController.swift in Sources */,
				67365DB323526B8200360D7D /* SendTableViewController.swift in Sources */,
				6797F3882322E32B006A3C0D /* AppDelegate.swift in Sources */,
				67BC2297232DD7DA00653900 /* FriendRequestsTableViewController.swift in Sources */,
				6734766923412559005469FC /* FR3ViewController.swift in Sources */,
				67922A88235A4850004092C5 /* CreateAlbumViewController.swift in Sources */,
				6792D934234ED5BD00E6159E /* PrivImagePreviewVC.swift in Sources */,
				6792D928234A92A700E6159E /* PhotoItemCell.swift in Sources */,
				6792D9202347E41A00E6159E /* MainTabViewController.swift in Sources */,
				6734766B234125E5005469FC /* GuideViewController.swift in Sources */,
				6792D9222347ECA100E6159E /* GalleryViewController.swift in Sources */,
				67BC229C232F43C300653900 /* MainNavigationController.swift in Sources */,
				67922A8C235A6385004092C5 /* AlbumFriendsTableViewController.swift in Sources */,
				6734765D233B24AD005469FC /* FaceRecViewController.swift in Sources */,
				6792D92A234D8FE000E6159E /* AlbumsViewController.swift in Sources */,
				67BC2287232743AA00653900 /* HomeViewController.swift in Sources */,
				67922A8E235A63BE004092C5 /* AlbumCell.swift in Sources */,
			);
			runOnlyForDeploymentPostprocessing = 0;
		};
		6797F3942322E32D006A3C0D /* Sources */ = {
			isa = PBXSourcesBuildPhase;
			buildActionMask = 2147483647;
			files = (
			);
			runOnlyForDeploymentPostprocessing = 0;
		};
		6797F39F2322E32D006A3C0D /* Sources */ = {
			isa = PBXSourcesBuildPhase;
			buildActionMask = 2147483647;
			files = (
			);
			runOnlyForDeploymentPostprocessing = 0;
		};
/* End PBXSourcesBuildPhase section */

/* Begin PBXTargetDependency section */
		6797F39A2322E32D006A3C0D /* PBXTargetDependency */ = {
			isa = PBXTargetDependency;
			target = 6797F3832322E32B006A3C0D /* GalleryShare */;
			targetProxy = 6797F3992322E32D006A3C0D /* PBXContainerItemProxy */;
		};
		6797F3A52322E32D006A3C0D /* PBXTargetDependency */ = {
			isa = PBXTargetDependency;
			target = 6797F3832322E32B006A3C0D /* GalleryShare */;
			targetProxy = 6797F3A42322E32D006A3C0D /* PBXContainerItemProxy */;
		};
/* End PBXTargetDependency section */

/* Begin PBXVariantGroup section */
		6797F38B2322E32B006A3C0D /* Main.storyboard */ = {
			isa = PBXVariantGroup;
			children = (
				6797F38C2322E32B006A3C0D /* Base */,
			);
			name = Main.storyboard;
			sourceTree = "<group>";
		};
		6797F3902322E32D006A3C0D /* LaunchScreen.storyboard */ = {
			isa = PBXVariantGroup;
			children = (
				6797F3912322E32D006A3C0D /* Base */,
			);
			name = LaunchScreen.storyboard;
			sourceTree = "<group>";
		};
/* End PBXVariantGroup section */

/* Begin XCBuildConfiguration section */
		6797F3AA2322E32D006A3C0D /* Debug */ = {
			isa = XCBuildConfiguration;
			buildSettings = {
				ALWAYS_SEARCH_USER_PATHS = NO;
				CLANG_ANALYZER_NONNULL = YES;
				CLANG_ANALYZER_NUMBER_OBJECT_CONVERSION = YES_AGGRESSIVE;
				CLANG_CXX_LANGUAGE_STANDARD = "gnu++14";
				CLANG_CXX_LIBRARY = "libc++";
				CLANG_ENABLE_MODULES = YES;
				CLANG_ENABLE_OBJC_ARC = YES;
				CLANG_ENABLE_OBJC_WEAK = YES;
				CLANG_WARN_BLOCK_CAPTURE_AUTORELEASING = YES;
				CLANG_WARN_BOOL_CONVERSION = YES;
				CLANG_WARN_COMMA = YES;
				CLANG_WARN_CONSTANT_CONVERSION = YES;
				CLANG_WARN_DEPRECATED_OBJC_IMPLEMENTATIONS = YES;
				CLANG_WARN_DIRECT_OBJC_ISA_USAGE = YES_ERROR;
				CLANG_WARN_DOCUMENTATION_COMMENTS = YES;
				CLANG_WARN_EMPTY_BODY = YES;
				CLANG_WARN_ENUM_CONVERSION = YES;
				CLANG_WARN_INFINITE_RECURSION = YES;
				CLANG_WARN_INT_CONVERSION = YES;
				CLANG_WARN_NON_LITERAL_NULL_CONVERSION = YES;
				CLANG_WARN_OBJC_IMPLICIT_RETAIN_SELF = YES;
				CLANG_WARN_OBJC_LITERAL_CONVERSION = YES;
				CLANG_WARN_OBJC_ROOT_CLASS = YES_ERROR;
				CLANG_WARN_RANGE_LOOP_ANALYSIS = YES;
				CLANG_WARN_STRICT_PROTOTYPES = YES;
				CLANG_WARN_SUSPICIOUS_MOVE = YES;
				CLANG_WARN_UNGUARDED_AVAILABILITY = YES_AGGRESSIVE;
				CLANG_WARN_UNREACHABLE_CODE = YES;
				CLANG_WARN__DUPLICATE_METHOD_MATCH = YES;
				CODE_SIGN_IDENTITY = "iPhone Developer";
				COPY_PHASE_STRIP = NO;
				DEBUG_INFORMATION_FORMAT = dwarf;
				ENABLE_STRICT_OBJC_MSGSEND = YES;
				ENABLE_TESTABILITY = YES;
				GCC_C_LANGUAGE_STANDARD = gnu11;
				GCC_DYNAMIC_NO_PIC = NO;
				GCC_NO_COMMON_BLOCKS = YES;
				GCC_OPTIMIZATION_LEVEL = 0;
				GCC_PREPROCESSOR_DEFINITIONS = (
					"DEBUG=1",
					"$(inherited)",
				);
				GCC_WARN_64_TO_32_BIT_CONVERSION = YES;
				GCC_WARN_ABOUT_RETURN_TYPE = YES_ERROR;
				GCC_WARN_UNDECLARED_SELECTOR = YES;
				GCC_WARN_UNINITIALIZED_AUTOS = YES_AGGRESSIVE;
				GCC_WARN_UNUSED_FUNCTION = YES;
				GCC_WARN_UNUSED_VARIABLE = YES;
				IPHONEOS_DEPLOYMENT_TARGET = 12.4;
				MTL_ENABLE_DEBUG_INFO = INCLUDE_SOURCE;
				MTL_FAST_MATH = YES;
				ONLY_ACTIVE_ARCH = YES;
				SDKROOT = iphoneos;
				SWIFT_ACTIVE_COMPILATION_CONDITIONS = DEBUG;
				SWIFT_OPTIMIZATION_LEVEL = "-Onone";
			};
			name = Debug;
		};
		6797F3AB2322E32D006A3C0D /* Release */ = {
			isa = XCBuildConfiguration;
			buildSettings = {
				ALWAYS_SEARCH_USER_PATHS = NO;
				CLANG_ANALYZER_NONNULL = YES;
				CLANG_ANALYZER_NUMBER_OBJECT_CONVERSION = YES_AGGRESSIVE;
				CLANG_CXX_LANGUAGE_STANDARD = "gnu++14";
				CLANG_CXX_LIBRARY = "libc++";
				CLANG_ENABLE_MODULES = YES;
				CLANG_ENABLE_OBJC_ARC = YES;
				CLANG_ENABLE_OBJC_WEAK = YES;
				CLANG_WARN_BLOCK_CAPTURE_AUTORELEASING = YES;
				CLANG_WARN_BOOL_CONVERSION = YES;
				CLANG_WARN_COMMA = YES;
				CLANG_WARN_CONSTANT_CONVERSION = YES;
				CLANG_WARN_DEPRECATED_OBJC_IMPLEMENTATIONS = YES;
				CLANG_WARN_DIRECT_OBJC_ISA_USAGE = YES_ERROR;
				CLANG_WARN_DOCUMENTATION_COMMENTS = YES;
				CLANG_WARN_EMPTY_BODY = YES;
				CLANG_WARN_ENUM_CONVERSION = YES;
				CLANG_WARN_INFINITE_RECURSION = YES;
				CLANG_WARN_INT_CONVERSION = YES;
				CLANG_WARN_NON_LITERAL_NULL_CONVERSION = YES;
				CLANG_WARN_OBJC_IMPLICIT_RETAIN_SELF = YES;
				CLANG_WARN_OBJC_LITERAL_CONVERSION = YES;
				CLANG_WARN_OBJC_ROOT_CLASS = YES_ERROR;
				CLANG_WARN_RANGE_LOOP_ANALYSIS = YES;
				CLANG_WARN_STRICT_PROTOTYPES = YES;
				CLANG_WARN_SUSPICIOUS_MOVE = YES;
				CLANG_WARN_UNGUARDED_AVAILABILITY = YES_AGGRESSIVE;
				CLANG_WARN_UNREACHABLE_CODE = YES;
				CLANG_WARN__DUPLICATE_METHOD_MATCH = YES;
				CODE_SIGN_IDENTITY = "iPhone Developer";
				COPY_PHASE_STRIP = NO;
				DEBUG_INFORMATION_FORMAT = "dwarf-with-dsym";
				ENABLE_NS_ASSERTIONS = NO;
				ENABLE_STRICT_OBJC_MSGSEND = YES;
				GCC_C_LANGUAGE_STANDARD = gnu11;
				GCC_NO_COMMON_BLOCKS = YES;
				GCC_WARN_64_TO_32_BIT_CONVERSION = YES;
				GCC_WARN_ABOUT_RETURN_TYPE = YES_ERROR;
				GCC_WARN_UNDECLARED_SELECTOR = YES;
				GCC_WARN_UNINITIALIZED_AUTOS = YES_AGGRESSIVE;
				GCC_WARN_UNUSED_FUNCTION = YES;
				GCC_WARN_UNUSED_VARIABLE = YES;
				IPHONEOS_DEPLOYMENT_TARGET = 12.4;
				MTL_ENABLE_DEBUG_INFO = NO;
				MTL_FAST_MATH = YES;
				SDKROOT = iphoneos;
				SWIFT_COMPILATION_MODE = wholemodule;
				SWIFT_OPTIMIZATION_LEVEL = "-O";
				VALIDATE_PRODUCT = YES;
			};
			name = Release;
		};
		6797F3AD2322E32D006A3C0D /* Debug */ = {
			isa = XCBuildConfiguration;
			baseConfigurationReference = 81478EAB71CE9C6067210F2A /* Pods-GalleryShare.debug.xcconfig */;
			buildSettings = {
				ASSETCATALOG_COMPILER_APPICON_NAME = AppIcon;
				CODE_SIGN_STYLE = Automatic;
				INFOPLIST_FILE = GalleryShare/Info.plist;
				LD_RUNPATH_SEARCH_PATHS = (
					"$(inherited)",
					"@executable_path/Frameworks",
				);
				PRODUCT_BUNDLE_IDENTIFIER = com.andrebirsan.GalleryShare;
				PRODUCT_NAME = "$(TARGET_NAME)";
				SWIFT_VERSION = 5.0;
				TARGETED_DEVICE_FAMILY = "1,2";
			};
			name = Debug;
		};
		6797F3AE2322E32D006A3C0D /* Release */ = {
			isa = XCBuildConfiguration;
			baseConfigurationReference = 52A49F67246B66278C985ED7 /* Pods-GalleryShare.release.xcconfig */;
			buildSettings = {
				ASSETCATALOG_COMPILER_APPICON_NAME = AppIcon;
				CODE_SIGN_STYLE = Automatic;
				INFOPLIST_FILE = GalleryShare/Info.plist;
				LD_RUNPATH_SEARCH_PATHS = (
					"$(inherited)",
					"@executable_path/Frameworks",
				);
				PRODUCT_BUNDLE_IDENTIFIER = com.andrebirsan.GalleryShare;
				PRODUCT_NAME = "$(TARGET_NAME)";
				SWIFT_VERSION = 5.0;
				TARGETED_DEVICE_FAMILY = "1,2";
			};
			name = Release;
		};
		6797F3B02322E32D006A3C0D /* Debug */ = {
			isa = XCBuildConfiguration;
			baseConfigurationReference = 40665F14772482E5C98D1156 /* Pods-GalleryShareTests.debug.xcconfig */;
			buildSettings = {
				ALWAYS_EMBED_SWIFT_STANDARD_LIBRARIES = YES;
				BUNDLE_LOADER = "$(TEST_HOST)";
				CODE_SIGN_STYLE = Automatic;
				INFOPLIST_FILE = GalleryShareTests/Info.plist;
				LD_RUNPATH_SEARCH_PATHS = (
					"$(inherited)",
					"@executable_path/Frameworks",
					"@loader_path/Frameworks",
				);
				PRODUCT_BUNDLE_IDENTIFIER = com.andrebirsan.GalleryShareTests;
				PRODUCT_NAME = "$(TARGET_NAME)";
				SWIFT_VERSION = 5.0;
				TARGETED_DEVICE_FAMILY = "1,2";
				TEST_HOST = "$(BUILT_PRODUCTS_DIR)/GalleryShare.app/GalleryShare";
			};
			name = Debug;
		};
		6797F3B12322E32D006A3C0D /* Release */ = {
			isa = XCBuildConfiguration;
			baseConfigurationReference = 6827CA1F90E3A544C3676AC6 /* Pods-GalleryShareTests.release.xcconfig */;
			buildSettings = {
				ALWAYS_EMBED_SWIFT_STANDARD_LIBRARIES = YES;
				BUNDLE_LOADER = "$(TEST_HOST)";
				CODE_SIGN_STYLE = Automatic;
				INFOPLIST_FILE = GalleryShareTests/Info.plist;
				LD_RUNPATH_SEARCH_PATHS = (
					"$(inherited)",
					"@executable_path/Frameworks",
					"@loader_path/Frameworks",
				);
				PRODUCT_BUNDLE_IDENTIFIER = com.andrebirsan.GalleryShareTests;
				PRODUCT_NAME = "$(TARGET_NAME)";
				SWIFT_VERSION = 5.0;
				TARGETED_DEVICE_FAMILY = "1,2";
				TEST_HOST = "$(BUILT_PRODUCTS_DIR)/GalleryShare.app/GalleryShare";
			};
			name = Release;
		};
		6797F3B32322E32D006A3C0D /* Debug */ = {
			isa = XCBuildConfiguration;
			baseConfigurationReference = 4CAB2CB27C8110CC9F565DA5 /* Pods-GalleryShareUITests.debug.xcconfig */;
			buildSettings = {
				ALWAYS_EMBED_SWIFT_STANDARD_LIBRARIES = YES;
				CODE_SIGN_STYLE = Automatic;
				INFOPLIST_FILE = GalleryShareUITests/Info.plist;
				LD_RUNPATH_SEARCH_PATHS = (
					"$(inherited)",
					"@executable_path/Frameworks",
					"@loader_path/Frameworks",
				);
				PRODUCT_BUNDLE_IDENTIFIER = com.andrebirsan.GalleryShareUITests;
				PRODUCT_NAME = "$(TARGET_NAME)";
				SWIFT_VERSION = 5.0;
				TARGETED_DEVICE_FAMILY = "1,2";
				TEST_TARGET_NAME = GalleryShare;
			};
			name = Debug;
		};
		6797F3B42322E32D006A3C0D /* Release */ = {
			isa = XCBuildConfiguration;
			baseConfigurationReference = 535EDE7C4A859C70EDDE7339 /* Pods-GalleryShareUITests.release.xcconfig */;
			buildSettings = {
				ALWAYS_EMBED_SWIFT_STANDARD_LIBRARIES = YES;
				CODE_SIGN_STYLE = Automatic;
				INFOPLIST_FILE = GalleryShareUITests/Info.plist;
				LD_RUNPATH_SEARCH_PATHS = (
					"$(inherited)",
					"@executable_path/Frameworks",
					"@loader_path/Frameworks",
				);
				PRODUCT_BUNDLE_IDENTIFIER = com.andrebirsan.GalleryShareUITests;
				PRODUCT_NAME = "$(TARGET_NAME)";
				SWIFT_VERSION = 5.0;
				TARGETED_DEVICE_FAMILY = "1,2";
				TEST_TARGET_NAME = GalleryShare;
			};
			name = Release;
		};
/* End XCBuildConfiguration section */

/* Begin XCConfigurationList section */
		6797F37F2322E32B006A3C0D /* Build configuration list for PBXProject "GalleryShare" */ = {
			isa = XCConfigurationList;
			buildConfigurations = (
				6797F3AA2322E32D006A3C0D /* Debug */,
				6797F3AB2322E32D006A3C0D /* Release */,
			);
			defaultConfigurationIsVisible = 0;
			defaultConfigurationName = Release;
		};
		6797F3AC2322E32D006A3C0D /* Build configuration list for PBXNativeTarget "GalleryShare" */ = {
			isa = XCConfigurationList;
			buildConfigurations = (
				6797F3AD2322E32D006A3C0D /* Debug */,
				6797F3AE2322E32D006A3C0D /* Release */,
			);
			defaultConfigurationIsVisible = 0;
			defaultConfigurationName = Release;
		};
		6797F3AF2322E32D006A3C0D /* Build configuration list for PBXNativeTarget "GalleryShareTests" */ = {
			isa = XCConfigurationList;
			buildConfigurations = (
				6797F3B02322E32D006A3C0D /* Debug */,
				6797F3B12322E32D006A3C0D /* Release */,
			);
			defaultConfigurationIsVisible = 0;
			defaultConfigurationName = Release;
		};
		6797F3B22322E32D006A3C0D /* Build configuration list for PBXNativeTarget "GalleryShareUITests" */ = {
			isa = XCConfigurationList;
			buildConfigurations = (
				6797F3B32322E32D006A3C0D /* Debug */,
				6797F3B42322E32D006A3C0D /* Release */,
			);
			defaultConfigurationIsVisible = 0;
			defaultConfigurationName = Release;
		};
/* End XCConfigurationList section */
	};
	rootObject = 6797F37C2322E32B006A3C0D /* Project object */;
}
